
Microsoft Visual Studio Solution File, Format Version 12.00
# Visual Studio 2012
Project("{FAE04EC0-301F-11D3-BF4B-00C04F79EFBC}") = "MvcApplicationShoppingCenter", "MvcApplicationShoppingCenter\MvcApplicationShoppingCenter.csproj", "{D71850C3-206B-4CB3-8AA0-93D61261F755}"
EndProject
Project("{FAE04EC0-301F-11D3-BF4B-00C04F79EFBC}") = "ClassLibraryInfrastructure", "ClassLibraryInfrastructure\ClassLibraryInfrastructure.csproj", "{F96F6126-1A14-45C6-B771-4ECA8DAB7CD2}"
EndProject
Project("{FAE04EC0-301F-11D3-BF4B-00C04F79EFBC}") = "WcfServiceShopping_Center", "WcfServiceShopping_Center\WcfServiceShopping_Center.csproj", "{F209602B-006E-49A4-A8E9-830EDDBEB385}"
EndProject
Project("{FAE04EC0-301F-11D3-BF4B-00C04F79EFBC}") = "ClassLibraryDominio", "ClassLibraryDominio\ClassLibraryDominio.csproj", "{38D2070F-52DB-464E-B7DD-2E981AE9DE07}"
EndProject
Global
	GlobalSection(SolutionConfigurationPlatforms) = preSolution
		Debug|Any CPU = Debug|Any CPU
		Release|Any CPU = Release|Any CPU
	EndGlobalSection
	GlobalSection(ProjectConfigurationPlatforms) = postSolution
		{D71850C3-206B-4CB3-8AA0-93D61261F755}.Debug|Any CPU.ActiveCfg = Debug|Any CPU
		{D71850C3-206B-4CB3-8AA0-93D61261F755}.Debug|Any CPU.Build.0 = Debug|Any CPU
		{D71850C3-206B-4CB3-8AA0-93D61261F755}.Release|Any CPU.ActiveCfg = Release|Any CPU
		{D71850C3-206B-4CB3-8AA0-93D61261F755}.Release|Any CPU.Build.0 = Release|Any CPU
		{F96F6126-1A14-45C6-B771-4ECA8DAB7CD2}.Debug|Any CPU.ActiveCfg = Debug|Any CPU
		{F96F6126-1A14-45C6-B771-4ECA8DAB7CD2}.Debug|Any CPU.Build.0 = Debug|Any CPU
		{F96F6126-1A14-45C6-B771-4ECA8DAB7CD2}.Release|Any CPU.ActiveCfg = Release|Any CPU
		{F96F6126-1A14-45C6-B771-4ECA8DAB7CD2}.Release|Any CPU.Build.0 = Release|Any CPU
		{F209602B-006E-49A4-A8E9-830EDDBEB385}.Debug|Any CPU.ActiveCfg = Debug|Any CPU
		{F209602B-006E-49A4-A8E9-830EDDBEB385}.Debug|Any CPU.Build.0 = Debug|Any CPU
		{F209602B-006E-49A4-A8E9-830EDDBEB385}.Release|Any CPU.ActiveCfg = Release|Any CPU
		{F209602B-006E-49A4-A8E9-830EDDBEB385}.Release|Any CPU.Build.0 = Release|Any CPU
		{38D2070F-52DB-464E-B7DD-2E981AE9DE07}.Debug|Any CPU.ActiveCfg = Debug|Any CPU
		{38D2070F-52DB-464E-B7DD-2E981AE9DE07}.Debug|Any CPU.Build.0 = Debug|Any CPU
		{38D2070F-52DB-464E-B7DD-2E981AE9DE07}.Release|Any CPU.ActiveCfg = Release|Any CPU
		{38D2070F-52DB-464E-B7DD-2E981AE9DE07}.Release|Any CPU.Build.0 = Release|Any CPU
	EndGlobalSection
	GlobalSection(SolutionProperties) = preSolution
		HideSolutionNode = FALSE
	EndGlobalSection
EndGlobal
